Microsoft Visual Studio Solution File, Format Version 12.00
# Visual Studio Version 17
VisualStudioVersion = 17.5.2.0
MinimumVisualStudioVersion = 10.0.40219.1
Project("{FAE04EC0-301F-11D3-BF4B-00C04F79EFBC}") = "BibliothequeNumerique", "BibliothequeNumerique.csproj", "{22979941-337F-BA3F-BEB0-3288A75E12C1}"
EndProject
Global
	GlobalSection(SolutionConfigurationPlatforms) = preSolution
		Debug|Any CPU = Debug|Any CPU
		Release|Any CPU = Release|Any CPU
	EndGlobalSection
	GlobalSection(ProjectConfigurationPlatforms) = postSolution
		{22979941-337F-BA3F-BEB0-3288A75E12C1}.Debug|Any CPU.ActiveCfg = Debug|Any CPU
		{22979941-337F-BA3F-BEB0-3288A75E12C1}.Debug|Any CPU.Build.0 = Debug|Any CPU
		{22979941-337F-BA3F-BEB0-3288A75E12C1}.Release|Any CPU.ActiveCfg = Release|Any CPU
		{22979941-337F-BA3F-BEB0-3288A75E12C1}.Release|Any CPU.Build.0 = Release|Any CPU
	EndGlobalSection
	GlobalSection(SolutionProperties) = preSolution
		HideSolutionNode = FALSE
	EndGlobalSection
	GlobalSection(ExtensibilityGlobals) = postSolution
		SolutionGuid = {0FC578A5-50C7-4EE6-8FE1-E6E57277978D}
	EndGlobalSection
EndGlobal
